
Microsoft Visual Studio Solution File, Format Version 12.00
# Visual Studio Version 17
VisualStudioVersion = 17.5.2.0
MinimumVisualStudioVersion = 10.0.40219.1
Project("{FAE04EC0-301F-11D3-BF4B-00C04F79EFBC}") = "Gabriel Oliveira Silva - Avaliação", "Gabriel Oliveira Silva - Avaliação.csproj", "{F924AD2D-EC97-289F-253B-4A7A629A2BD6}"
EndProject
Global
	GlobalSection(SolutionConfigurationPlatforms) = preSolution
		Debug|Any CPU = Debug|Any CPU
		Release|Any CPU = Release|Any CPU
	EndGlobalSection
	GlobalSection(ProjectConfigurationPlatforms) = postSolution
		{F924AD2D-EC97-289F-253B-4A7A629A2BD6}.Debug|Any CPU.ActiveCfg = Debug|Any CPU
		{F924AD2D-EC97-289F-253B-4A7A629A2BD6}.Debug|Any CPU.Build.0 = Debug|Any CPU
		{F924AD2D-EC97-289F-253B-4A7A629A2BD6}.Release|Any CPU.ActiveCfg = Release|Any CPU
		{F924AD2D-EC97-289F-253B-4A7A629A2BD6}.Release|Any CPU.Build.0 = Release|Any CPU
	EndGlobalSection
	GlobalSection(SolutionProperties) = preSolution
		HideSolutionNode = FALSE
	EndGlobalSection
	GlobalSection(ExtensibilityGlobals) = postSolution
		SolutionGuid = {1BD35F50-34B1-448B-888A-4BE1CDFE3535}
	EndGlobalSection
EndGlobal
