Microsoft Visual Studio Solution File, Format Version 12.00
# Visual Studio Version 17
VisualStudioVersion = 17.5.2.0
MinimumVisualStudioVersion = 10.0.40219.1
Project("{FAE04EC0-301F-11D3-BF4B-00C04F79EFBC}") = "Aula 04", "Aula 04.csproj", "{A0CEAD54-6FD6-7AE6-08CA-3C9194CE303E}"
EndProject
Global
	GlobalSection(SolutionConfigurationPlatforms) = preSolution
		Debug|Any CPU = Debug|Any CPU
		Release|Any CPU = Release|Any CPU
	EndGlobalSection
	GlobalSection(ProjectConfigurationPlatforms) = postSolution
		{A0CEAD54-6FD6-7AE6-08CA-3C9194CE303E}.Debug|Any CPU.ActiveCfg = Debug|Any CPU
		{A0CEAD54-6FD6-7AE6-08CA-3C9194CE303E}.Debug|Any CPU.Build.0 = Debug|Any CPU
		{A0CEAD54-6FD6-7AE6-08CA-3C9194CE303E}.Release|Any CPU.ActiveCfg = Release|Any CPU
		{A0CEAD54-6FD6-7AE6-08CA-3C9194CE303E}.Release|Any CPU.Build.0 = Release|Any CPU
	EndGlobalSection
	GlobalSection(SolutionProperties) = preSolution
		HideSolutionNode = FALSE
	EndGlobalSection
	GlobalSection(ExtensibilityGlobals) = postSolution
		SolutionGuid = {0C5F666B-8C65-41A3-84D1-7D78B363B306}
	EndGlobalSection
EndGlobal
